
Microsoft Visual Studio Solution File, Format Version 12.00
# Visual Studio 15
VisualStudioVersion = 15.0.27130.2010
MinimumVisualStudioVersion = 10.0.40219.1
Project("{E24C65DC-7377-472B-9ABA-BC803B73C61A}") = "ProjectManager", "ProjectManager\", "{7D47FF42-B819-45C3-BD73-32C9614074F5}"
	ProjectSection(WebsiteProperties) = preProject
		TargetFrameworkMoniker = ".NETFramework,Version%3Dv4.6.1"
		Debug.AspNetCompiler.VirtualPath = "/localhost_50198"
		Debug.AspNetCompiler.PhysicalPath = "ProjectManager\"
		Debug.AspNetCompiler.TargetPath = "PrecompiledWeb\localhost_50198\"
		Debug.AspNetCompiler.Updateable = "true"
		Debug.AspNetCompiler.ForceOverwrite = "true"
		Debug.AspNetCompiler.FixedNames = "false"
		Debug.AspNetCompiler.Debug = "True"
		Release.AspNetCompiler.VirtualPath = "/localhost_50198"
		Release.AspNetCompiler.PhysicalPath = "ProjectManager\"
		Release.AspNetCompiler.TargetPath = "PrecompiledWeb\localhost_50198\"
		Release.AspNetCompiler.Updateable = "true"
		Release.AspNetCompiler.ForceOverwrite = "true"
		Release.AspNetCompiler.FixedNames = "false"
		Release.AspNetCompiler.Debug = "False"
		VWDPort = "50198"
		SlnRelativePath = "ProjectManager\"
		DefaultWebSiteLanguage = "Visual C#"
	EndProjectSection
EndProject
Global
	GlobalSection(SolutionConfigurationPlatforms) = preSolution
		Debug|Any CPU = Debug|Any CPU
	EndGlobalSection
	GlobalSection(ProjectConfigurationPlatforms) = postSolution
		{7D47FF42-B819-45C3-BD73-32C9614074F5}.Debug|Any CPU.ActiveCfg = Debug|Any CPU
		{7D47FF42-B819-45C3-BD73-32C9614074F5}.Debug|Any CPU.Build.0 = Debug|Any CPU
	EndGlobalSection
	GlobalSection(SolutionProperties) = preSolution
		HideSolutionNode = FALSE
	EndGlobalSection
	GlobalSection(ExtensibilityGlobals) = postSolution
		SolutionGuid = {26EC74C7-EB5D-4594-AF63-47D5123669D8}
	EndGlobalSection
EndGlobal
